// !$*UTF8*$!
{
	archiveVersion = 1;
	classes = {
	};
	objectVersion = 46;
	objects = {

/* Begin PBXBuildFile section */
		1C2320A8202973CA0023F0B7 /* CenterViewController.m in Sources */ = {isa = PBXBuildFile; fileRef = 1C2320A6202973CA0023F0B7 /* CenterViewController.m */; };
		1C4F08601FA72861008DF644 /* MyTabBar.m in Sources */ = {isa = PBXBuildFile; fileRef = 1C4F085F1FA72861008DF644 /* MyTabBar.m */; };
		1CDC0FF51EADAB5E00D7635C /* main.m in Sources */ = {isa = PBXBuildFile; fileRef = 1CDC0FF41EADAB5E00D7635C /* main.m */; };
		1CDC0FF81EADAB5E00D7635C /* AppDelegate.m in Sources */ = {isa = PBXBuildFile; fileRef = 1CDC0FF71EADAB5E00D7635C /* AppDelegate.m */; };
		1CDC0FFB1EADAB5E00D7635C /* ViewController.m in Sources */ = {isa = PBXBuildFile; fileRef = 1CDC0FFA1EADAB5E00D7635C /* ViewController.m */; };
		1CDC0FFE1EADAB5E00D7635C /* Main.storyboard in Resources */ = {isa = PBXBuildFile; fileRef = 1CDC0FFC1EADAB5E00D7635C /* Main.storyboard */; };
		1CDC10001EADAB5E00D7635C /* Assets.xcassets in Resources */ = {isa = PBXBuildFile; fileRef = 1CDC0FFF1EADAB5E00D7635C /* Assets.xcassets */; };
		1CDC10031EADAB5E00D7635C /* LaunchScreen.storyboard in Resources */ = {isa = PBXBuildFile; fileRef = 1CDC10011EADAB5E00D7635C /* LaunchScreen.storyboard */; };
		1CDC11741EADAD8500D7635C /* HomePageViewController.m in Sources */ = {isa = PBXBuildFile; fileRef = 1CDC11731EADAD8500D7635C /* HomePageViewController.m */; };
		1CDC11771EADAD9400D7635C /* SecondPageViewController.m in Sources */ = {isa = PBXBuildFile; fileRef = 1CDC11761EADAD9400D7635C /* SecondPageViewController.m */; };
		1CDC117A1EADADA300D7635C /* ThridPageViewController.m in Sources */ = {isa = PBXBuildFile; fileRef = 1CDC11791EADADA300D7635C /* ThridPageViewController.m */; };
		1CDC117D1EADADC000D7635C /* FourPageViewController.m in Sources */ = {isa = PBXBuildFile; fileRef = 1CDC117C1EADADC000D7635C /* FourPageViewController.m */; };
		1CDC11801EADADED00D7635C /* HomeModel.m in Sources */ = {isa = PBXBuildFile; fileRef = 1CDC117F1EADADED00D7635C /* HomeModel.m */; };
		1CDC11831EADAE0600D7635C /* SecondModel.m in Sources */ = {isa = PBXBuildFile; fileRef = 1CDC11821EADAE0600D7635C /* SecondModel.m */; };
		1CDC11861EADAE1300D7635C /* ThridModel.m in Sources */ = {isa = PBXBuildFile; fileRef = 1CDC11851EADAE1300D7635C /* ThridModel.m */; };
		1CDC11891EADAE2500D7635C /* FourModel.m in Sources */ = {isa = PBXBuildFile; fileRef = 1CDC11881EADAE2500D7635C /* FourModel.m */; };
		1CDC11B31EAEEAF300D7635C /* MiantabBarViewController.m in Sources */ = {isa = PBXBuildFile; fileRef = 1CDC11B21EAEEAF300D7635C /* MiantabBarViewController.m */; };
		1CDC11B61EAEEB1500D7635C /* PublicViewModel.m in Sources */ = {isa = PBXBuildFile; fileRef = 1CDC11B51EAEEB1500D7635C /* PublicViewModel.m */; };
		1CDC11BE1EAEEB9300D7635C /* CheckNetwork.m in Sources */ = {isa = PBXBuildFile; fileRef = 1CDC11B91EAEEB9300D7635C /* CheckNetwork.m */; };
		1CDC11BF1EAEEB9300D7635C /* HttpManager.m in Sources */ = {isa = PBXBuildFile; fileRef = 1CDC11BB1EAEEB9300D7635C /* HttpManager.m */; };
		1CDC11C01EAEEB9300D7635C /* NetworkError.m in Sources */ = {isa = PBXBuildFile; fileRef = 1CDC11BD1EAEEB9300D7635C /* NetworkError.m */; };
		1CDC11C51EAEEE6000D7635C /* BaseViewController.m in Sources */ = {isa = PBXBuildFile; fileRef = 1CDC11C41EAEEE6000D7635C /* BaseViewController.m */; };
		1CDC11C81EAEEF2500D7635C /* RootNavViewController.m in Sources */ = {isa = PBXBuildFile; fileRef = 1CDC11C71EAEEF2500D7635C /* RootNavViewController.m */; };
		1CDC11D01EAEEF9C00D7635C /* MBProgressHUD+Add.m in Sources */ = {isa = PBXBuildFile; fileRef = 1CDC11CA1EAEEF9C00D7635C /* MBProgressHUD+Add.m */; };
		1CDC11D11EAEEF9C00D7635C /* MJExtensionConfig.m in Sources */ = {isa = PBXBuildFile; fileRef = 1CDC11CC1EAEEF9C00D7635C /* MJExtensionConfig.m */; };
		1CDC11D21EAEEF9C00D7635C /* WebViewJavascriptBridge.js.txt in Resources */ = {isa = PBXBuildFile; fileRef = 1CDC11CE1EAEEF9C00D7635C /* WebViewJavascriptBridge.js.txt */; };
		1CDC11D31EAEEF9C00D7635C /* WebViewJavascriptBridge.m in Sources */ = {isa = PBXBuildFile; fileRef = 1CDC11CF1EAEEF9C00D7635C /* WebViewJavascriptBridge.m */; };
		1CDC11E51EAEFA0800D7635C /* CenterTableViewCell.m in Sources */ = {isa = PBXBuildFile; fileRef = 1CDC11E41EAEFA0800D7635C /* CenterTableViewCell.m */; };
		1CDC11E81EAEFA1A00D7635C /* CenterModel.m in Sources */ = {isa = PBXBuildFile; fileRef = 1CDC11E71EAEFA1A00D7635C /* CenterModel.m */; };
		1CDC11EC1EAEFCDC00D7635C /* UIView+Util.m in Sources */ = {isa = PBXBuildFile; fileRef = 1CDC11EB1EAEFCDC00D7635C /* UIView+Util.m */; };
		1CDC13F11EAEFE9200D7635C /* DataManager.m in Sources */ = {isa = PBXBuildFile; fileRef = 1CDC13F01EAEFE9200D7635C /* DataManager.m */; };
		1CDC13F51EAF14FC00D7635C /* XHLoginViewController.m in Sources */ = {isa = PBXBuildFile; fileRef = 1CDC13F31EAF14FC00D7635C /* XHLoginViewController.m */; };
		1CDC13F61EAF14FC00D7635C /* XHLoginViewController.xib in Resources */ = {isa = PBXBuildFile; fileRef = 1CDC13F41EAF14FC00D7635C /* XHLoginViewController.xib */; };
		1CDC13F91EAF164D00D7635C /* UINavigationController+YNBase.m in Sources */ = {isa = PBXBuildFile; fileRef = 1CDC13F81EAF164D00D7635C /* UINavigationController+YNBase.m */; };
		1CDC13FC1EAF1F6100D7635C /* ServiceManager.m in Sources */ = {isa = PBXBuildFile; fileRef = 1CDC13FB1EAF1F6100D7635C /* ServiceManager.m */; };
		1CFF3A091EB8635E00C9354A /* UIView+XMGExtension.m in Sources */ = {isa = PBXBuildFile; fileRef = 1CFF3A081EB8635E00C9354A /* UIView+XMGExtension.m */; };
		8EB31B35D685363B6D5CE8E0 /* libPods-AbertDemo.a in Frameworks */ = {isa = PBXBuildFile; fileRef = A85B498CFFAA4E0031536C0D /* libPods-AbertDemo.a */; };
/* End PBXBuildFile section */

/* Begin PBXFileReference section */
		1C2320A6202973CA0023F0B7 /* CenterViewController.m */ = {isa = PBXFileReference; fileEncoding = 4; lastKnownFileType = sourcecode.c.objc; path = CenterViewController.m; sourceTree = "<group>"; };
		1C2320A7202973CA0023F0B7 /* CenterViewController.h */ = {isa = PBXFileReference; fileEncoding = 4; lastKnownFileType = sourcecode.c.h; path = CenterViewController.h; sourceTree = "<group>"; };
		1C4F085E1FA72861008DF644 /* MyTabBar.h */ = {isa = PBXFileReference; lastKnownFileType = sourcecode.c.h; path = MyTabBar.h; sourceTree = "<group>"; };
		1C4F085F1FA72861008DF644 /* MyTabBar.m */ = {isa = PBXFileReference; lastKnownFileType = sourcecode.c.objc; path = MyTabBar.m; sourceTree = "<group>"; };
		1CDC0FF01EADAB5E00D7635C /* AbertDemo.app */ = {isa = PBXFileReference; explicitFileType = wrapper.application; includeInIndex = 0; path = AbertDemo.app; sourceTree = BUILT_PRODUCTS_DIR; };
		1CDC0FF41EADAB5E00D7635C /* main.m */ = {isa = PBXFileReference; lastKnownFileType = sourcecode.c.objc; path = main.m; sourceTree = "<group>"; };
		1CDC0FF61EADAB5E00D7635C /* AppDelegate.h */ = {isa = PBXFileReference; lastKnownFileType = sourcecode.c.h; path = AppDelegate.h; sourceTree = "<group>"; };
		1CDC0FF71EADAB5E00D7635C /* AppDelegate.m */ = {isa = PBXFileReference; lastKnownFileType = sourcecode.c.objc; path = AppDelegate.m; sourceTree = "<group>"; };
		1CDC0FF91EADAB5E00D7635C /* ViewController.h */ = {isa = PBXFileReference; lastKnownFileType = sourcecode.c.h; path = ViewController.h; sourceTree = "<group>"; };
		1CDC0FFA1EADAB5E00D7635C /* ViewController.m */ = {isa = PBXFileReference; lastKnownFileType = sourcecode.c.objc; path = ViewController.m; sourceTree = "<group>"; };
		1CDC0FFD1EADAB5E00D7635C /* Base */ = {isa = PBXFileReference; lastKnownFileType = file.storyboard; name = Base; path = Base.lproj/Main.storyboard; sourceTree = "<group>"; };
		1CDC0FFF1EADAB5E00D7635C /* Assets.xcassets */ = {isa = PBXFileReference; lastKnownFileType = folder.assetcatalog; path = Assets.xcassets; sourceTree = "<group>"; };
		1CDC10021EADAB5E00D7635C /* Base */ = {isa = PBXFileReference; lastKnownFileType = file.storyboard; name = Base; path = Base.lproj/LaunchScreen.storyboard; sourceTree = "<group>"; };
		1CDC10041EADAB5E00D7635C /* Info.plist */ = {isa = PBXFileReference; lastKnownFileType = text.plist.xml; path = Info.plist; sourceTree = "<group>"; };
		1CDC100D1EADAB5E00D7635C /* AbertDemoTests.m */ = {isa = PBXFileReference; lastKnownFileType = sourcecode.c.objc; path = AbertDemoTests.m; sourceTree = "<group>"; };
		1CDC100F1EADAB5E00D7635C /* Info.plist */ = {isa = PBXFileReference; lastKnownFileType = text.plist.xml; path = Info.plist; sourceTree = "<group>"; };
		1CDC10181EADAB5E00D7635C /* AbertDemoUITests.m */ = {isa = PBXFileReference; lastKnownFileType = sourcecode.c.objc; path = AbertDemoUITests.m; sourceTree = "<group>"; };
		1CDC101A1EADAB5E00D7635C /* Info.plist */ = {isa = PBXFileReference; lastKnownFileType = text.plist.xml; path = Info.plist; sourceTree = "<group>"; };
		1CDC11721EADAD8500D7635C /* HomePageViewController.h */ = {isa = PBXFileReference; fileEncoding = 4; lastKnownFileType = sourcecode.c.h; path = HomePageViewController.h; sourceTree = "<group>"; };
		1CDC11731EADAD8500D7635C /* HomePageViewController.m */ = {isa = PBXFileReference; fileEncoding = 4; lastKnownFileType = sourcecode.c.objc; path = HomePageViewController.m; sourceTree = "<group>"; };
		1CDC11751EADAD9400D7635C /* SecondPageViewController.h */ = {isa = PBXFileReference; fileEncoding = 4; lastKnownFileType = sourcecode.c.h; path = SecondPageViewController.h; sourceTree = "<group>"; };
		1CDC11761EADAD9400D7635C /* SecondPageViewController.m */ = {isa = PBXFileReference; fileEncoding = 4; lastKnownFileType = sourcecode.c.objc; path = SecondPageViewController.m; sourceTree = "<group>"; };
		1CDC11781EADADA300D7635C /* ThridPageViewController.h */ = {isa = PBXFileReference; fileEncoding = 4; lastKnownFileType = sourcecode.c.h; path = ThridPageViewController.h; sourceTree = "<group>"; };
		1CDC11791EADADA300D7635C /* ThridPageViewController.m */ = {isa = PBXFileReference; fileEncoding = 4; lastKnownFileType = sourcecode.c.objc; path = ThridPageViewController.m; sourceTree = "<group>"; };
		1CDC117B1EADADC000D7635C /* FourPageViewController.h */ = {isa = PBXFileReference; fileEncoding = 4; lastKnownFileType = sourcecode.c.h; path = FourPageViewController.h; sourceTree = "<group>"; };
		1CDC117C1EADADC000D7635C /* FourPageViewController.m */ = {isa = PBXFileReference; fileEncoding = 4; lastKnownFileType = sourcecode.c.objc; path = FourPageViewController.m; sourceTree = "<group>"; };
		1CDC117E1EADADED00D7635C /* HomeModel.h */ = {isa = PBXFileReference; fileEncoding = 4; lastKnownFileType = sourcecode.c.h; path = HomeModel.h; sourceTree = "<group>"; };
		1CDC117F1EADADED00D7635C /* HomeModel.m */ = {isa = PBXFileReference; fileEncoding = 4; lastKnownFileType = sourcecode.c.objc; path = HomeModel.m; sourceTree = "<group>"; };
		1CDC11811EADAE0600D7635C /* SecondModel.h */ = {isa = PBXFileReference; fileEncoding = 4; lastKnownFileType = sourcecode.c.h; path = SecondModel.h; sourceTree = "<group>"; };
		1CDC11821EADAE0600D7635C /* SecondModel.m */ = {isa = PBXFileReference; fileEncoding = 4; lastKnownFileType = sourcecode.c.objc; path = SecondModel.m; sourceTree = "<group>"; };
		1CDC11841EADAE1300D7635C /* ThridModel.h */ = {isa = PBXFileReference; fileEncoding = 4; lastKnownFileType = sourcecode.c.h; path = ThridModel.h; sourceTree = "<group>"; };
		1CDC11851EADAE1300D7635C /* ThridModel.m */ = {isa = PBXFileReference; fileEncoding = 4; lastKnownFileType = sourcecode.c.objc; path = ThridModel.m; sourceTree = "<group>"; };
		1CDC11871EADAE2500D7635C /* FourModel.h */ = {isa = PBXFileReference; fileEncoding = 4; lastKnownFileType = sourcecode.c.h; path = FourModel.h; sourceTree = "<group>"; };
		1CDC11881EADAE2500D7635C /* FourModel.m */ = {isa = PBXFileReference; fileEncoding = 4; lastKnownFileType = sourcecode.c.objc; path = FourModel.m; sourceTree = "<group>"; };
		1CDC11B11EAEEAF300D7635C /* MiantabBarViewController.h */ = {isa = PBXFileReference; fileEncoding = 4; lastKnownFileType = sourcecode.c.h; path = MiantabBarViewController.h; sourceTree = "<group>"; };
		1CDC11B21EAEEAF300D7635C /* MiantabBarViewController.m */ = {isa = PBXFileReference; fileEncoding = 4; lastKnownFileType = sourcecode.c.objc; path = MiantabBarViewController.m; sourceTree = "<group>"; };
		1CDC11B41EAEEB1500D7635C /* PublicViewModel.h */ = {isa = PBXFileReference; fileEncoding = 4; lastKnownFileType = sourcecode.c.h; path = PublicViewModel.h; sourceTree = "<group>"; };
		1CDC11B51EAEEB1500D7635C /* PublicViewModel.m */ = {isa = PBXFileReference; fileEncoding = 4; lastKnownFileType = sourcecode.c.objc; path = PublicViewModel.m; sourceTree = "<group>"; };
		1CDC11B81EAEEB9300D7635C /* CheckNetwork.h */ = {isa = PBXFileReference; fileEncoding = 4; lastKnownFileType = sourcecode.c.h; path = CheckNetwork.h; sourceTree = "<group>"; };
		1CDC11B91EAEEB9300D7635C /* CheckNetwork.m */ = {isa = PBXFileReference; fileEncoding = 4; lastKnownFileType = sourcecode.c.objc; path = CheckNetwork.m; sourceTree = "<group>"; };
		1CDC11BA1EAEEB9300D7635C /* HttpManager.h */ = {isa = PBXFileReference; fileEncoding = 4; lastKnownFileType = sourcecode.c.h; path = HttpManager.h; sourceTree = "<group>"; };
		1CDC11BB1EAEEB9300D7635C /* HttpManager.m */ = {isa = PBXFileReference; fileEncoding = 4; lastKnownFileType = sourcecode.c.objc; path = HttpManager.m; sourceTree = "<group>"; };
		1CDC11BC1EAEEB9300D7635C /* NetworkError.h */ = {isa = PBXFileReference; fileEncoding = 4; lastKnownFileType = sourcecode.c.h; path = NetworkError.h; sourceTree = "<group>"; };
		1CDC11BD1EAEEB9300D7635C /* NetworkError.m */ = {isa = PBXFileReference; fileEncoding = 4; lastKnownFileType = sourcecode.c.objc; path = NetworkError.m; sourceTree = "<group>"; };
		1CDC11C11EAEEC5300D7635C /* PrefixHeader.pch */ = {isa = PBXFileReference; lastKnownFileType = sourcecode.c.h; path = PrefixHeader.pch; sourceTree = "<group>"; };
		1CDC11C21EAEED5700D7635C /* Header.h */ = {isa = PBXFileReference; lastKnownFileType = sourcecode.c.h; path = Header.h; sourceTree = "<group>"; };
		1CDC11C31EAEEE6000D7635C /* BaseViewController.h */ = {isa = PBXFileReference; fileEncoding = 4; lastKnownFileType = sourcecode.c.h; path = BaseViewController.h; sourceTree = "<group>"; };
		1CDC11C41EAEEE6000D7635C /* BaseViewController.m */ = {isa = PBXFileReference; fileEncoding = 4; lastKnownFileType = sourcecode.c.objc; path = BaseViewController.m; sourceTree = "<group>"; };
		1CDC11C61EAEEF2400D7635C /* RootNavViewController.h */ = {isa = PBXFileReference; fileEncoding = 4; lastKnownFileType = sourcecode.c.h; path = RootNavViewController.h; sourceTree = "<group>"; };
		1CDC11C71EAEEF2500D7635C /* RootNavViewController.m */ = {isa = PBXFileReference; fileEncoding = 4; lastKnownFileType = sourcecode.c.objc; path = RootNavViewController.m; sourceTree = "<group>"; };
		1CDC11C91EAEEF9C00D7635C /* MBProgressHUD+Add.h */ = {isa = PBXFileReference; fileEncoding = 4; lastKnownFileType = sourcecode.c.h; path = "MBProgressHUD+Add.h"; sourceTree = "<group>"; };
		1CDC11CA1EAEEF9C00D7635C /* MBProgressHUD+Add.m */ = {isa = PBXFileReference; fileEncoding = 4; lastKnownFileType = sourcecode.c.objc; path = "MBProgressHUD+Add.m"; sourceTree = "<group>"; };
		1CDC11CB1EAEEF9C00D7635C /* MJExtensionConfig.h */ = {isa = PBXFileReference; fileEncoding = 4; lastKnownFileType = sourcecode.c.h; path = MJExtensionConfig.h; sourceTree = "<group>"; };
		1CDC11CC1EAEEF9C00D7635C /* MJExtensionConfig.m */ = {isa = PBXFileReference; fileEncoding = 4; lastKnownFileType = sourcecode.c.objc; path = MJExtensionConfig.m; sourceTree = "<group>"; };
		1CDC11CD1EAEEF9C00D7635C /* WebViewJavascriptBridge.h */ = {isa = PBXFileReference; fileEncoding = 4; lastKnownFileType = sourcecode.c.h; path = WebViewJavascriptBridge.h; sourceTree = "<group>"; };
		1CDC11CE1EAEEF9C00D7635C /* WebViewJavascriptBridge.js.txt */ = {isa = PBXFileReference; fileEncoding = 4; lastKnownFileType = text; path = WebViewJavascriptBridge.js.txt; sourceTree = "<group>"; };
		1CDC11CF1EAEEF9C00D7635C /* WebViewJavascriptBridge.m */ = {isa = PBXFileReference; fileEncoding = 4; lastKnownFileType = sourcecode.c.objc; path = WebViewJavascriptBridge.m; sourceTree = "<group>"; };
		1CDC11E31EAEFA0800D7635C /* CenterTableViewCell.h */ = {isa = PBXFileReference; fileEncoding = 4; lastKnownFileType = sourcecode.c.h; path = CenterTableViewCell.h; sourceTree = "<group>"; };
		1CDC11E41EAEFA0800D7635C /* CenterTableViewCell.m */ = {isa = PBXFileReference; fileEncoding = 4; lastKnownFileType = sourcecode.c.objc; path = CenterTableViewCell.m; sourceTree = "<group>"; };
		1CDC11E61EAEFA1A00D7635C /* CenterModel.h */ = {isa = PBXFileReference; fileEncoding = 4; lastKnownFileType = sourcecode.c.h; path = CenterModel.h; sourceTree = "<group>"; };
		1CDC11E71EAEFA1A00D7635C /* CenterModel.m */ = {isa = PBXFileReference; fileEncoding = 4; lastKnownFileType = sourcecode.c.objc; path = CenterModel.m; sourceTree = "<group>"; };
		1CDC11EA1EAEFCDC00D7635C /* UIView+Util.h */ = {isa = PBXFileReference; fileEncoding = 4; lastKnownFileType = sourcecode.c.h; path = "UIView+Util.h"; sourceTree = "<group>"; };
		1CDC11EB1EAEFCDC00D7635C /* UIView+Util.m */ = {isa = PBXFileReference; fileEncoding = 4; lastKnownFileType = sourcecode.c.objc; path = "UIView+Util.m"; sourceTree = "<group>"; };
		1CDC13EF1EAEFE9200D7635C /* DataManager.h */ = {isa = PBXFileReference; fileEncoding = 4; lastKnownFileType = sourcecode.c.h; path = DataManager.h; sourceTree = "<group>"; };
		1CDC13F01EAEFE9200D7635C /* DataManager.m */ = {isa = PBXFileReference; fileEncoding = 4; lastKnownFileType = sourcecode.c.objc; path = DataManager.m; sourceTree = "<group>"; };
		1CDC13F21EAF14FC00D7635C /* XHLoginViewController.h */ = {isa = PBXFileReference; fileEncoding = 4; lastKnownFileType = sourcecode.c.h; path = XHLoginViewController.h; sourceTree = "<group>"; };
		1CDC13F31EAF14FC00D7635C /* XHLoginViewController.m */ = {isa = PBXFileReference; fileEncoding = 4; lastKnownFileType = sourcecode.c.objc; path = XHLoginViewController.m; sourceTree = "<group>"; };
		1CDC13F41EAF14FC00D7635C /* XHLoginViewController.xib */ = {isa = PBXFileReference; fileEncoding = 4; lastKnownFileType = file.xib; path = XHLoginViewController.xib; sourceTree = "<group>"; };
		1CDC13F71EAF164D00D7635C /* UINavigationController+YNBase.h */ = {isa = PBXFileReference; fileEncoding = 4; lastKnownFileType = sourcecode.c.h; path = "UINavigationController+YNBase.h"; sourceTree = "<group>"; };
		1CDC13F81EAF164D00D7635C /* UINavigationController+YNBase.m */ = {isa = PBXFileReference; fileEncoding = 4; lastKnownFileType = sourcecode.c.objc; path = "UINavigationController+YNBase.m"; sourceTree = "<group>"; };
		1CDC13FA1EAF1F6100D7635C /* ServiceManager.h */ = {isa = PBXFileReference; fileEncoding = 4; lastKnownFileType = sourcecode.c.h; path = ServiceManager.h; sourceTree = "<group>"; };
		1CDC13FB1EAF1F6100D7635C /* ServiceManager.m */ = {isa = PBXFileReference; fileEncoding = 4; lastKnownFileType = sourcecode.c.objc; path = ServiceManager.m; sourceTree = "<group>"; };
		1CFF3A071EB8635E00C9354A /* UIView+XMGExtension.h */ = {isa = PBXFileReference; fileEncoding = 4; lastKnownFileType = sourcecode.c.h; path = "UIView+XMGExtension.h"; sourceTree = "<group>"; };
		1CFF3A081EB8635E00C9354A /* UIView+XMGExtension.m */ = {isa = PBXFileReference; fileEncoding = 4; lastKnownFileType = sourcecode.c.objc; path = "UIView+XMGExtension.m"; sourceTree = "<group>"; };
		9886A059C93C44860AEAA378 /* Pods-AbertDemo.release.xcconfig */ = {isa = PBXFileReference; includeInIndex = 1; lastKnownFileType = text.xcconfig; name = "Pods-AbertDemo.release.xcconfig"; path = "Pods/Target Support Files/Pods-AbertDemo/Pods-AbertDemo.release.xcconfig"; sourceTree = "<group>"; };
		A85B498CFFAA4E0031536C0D /* libPods-AbertDemo.a */ = {isa = PBXFileReference; explicitFileType = archive.ar; includeInIndex = 0; path = "libPods-AbertDemo.a"; sourceTree = BUILT_PRODUCTS_DIR; };
		CEC8C8273438B01E3AC804D6 /* Pods-AbertDemo.debug.xcconfig */ = {isa = PBXFileReference; includeInIndex = 1; lastKnownFileType = text.xcconfig; name = "Pods-AbertDemo.debug.xcconfig"; path = "Pods/Target Support Files/Pods-AbertDemo/Pods-AbertDemo.debug.xcconfig"; sourceTree = "<group>"; };
/* End PBXFileReference section */

/* Begin PBXFrameworksBuildPhase section */
		1CDC0FED1EADAB5E00D7635C /* Frameworks */ = {
			isa = PBXFrameworksBuildPhase;
			buildActionMask = 2147483647;
			files = (
				8EB31B35D685363B6D5CE8E0 /* libPods-AbertDemo.a in Frameworks */,
			);
			runOnlyForDeploymentPostprocessing = 0;
		};
/* End PBXFrameworksBuildPhase section */

/* Begin PBXGroup section */
		1C2320A2202973320023F0B7 /* HomeView */ = {
			isa = PBXGroup;
			children = (
			);
			path = HomeView;
			sourceTree = "<group>";
		};
		1C2320A3202973740023F0B7 /* SecondView */ = {
			isa = PBXGroup;
			children = (
			);
			path = SecondView;
			sourceTree = "<group>";
		};
		1C2320A4202973840023F0B7 /* ThridView */ = {
			isa = PBXGroup;
			children = (
			);
			path = ThridView;
			sourceTree = "<group>";
		};
		1C2320A5202973CA0023F0B7 /* CenterController */ = {
			isa = PBXGroup;
			children = (
				1C2320A6202973CA0023F0B7 /* CenterViewController.m */,
				1C2320A7202973CA0023F0B7 /* CenterViewController.h */,
			);
			path = CenterController;
			sourceTree = "<group>";
		};
		1C2320A9202973E70023F0B7 /* FourView */ = {
			isa = PBXGroup;
			children = (
			);
			path = FourView;
			sourceTree = "<group>";
		};
		1CDC0FE71EADAB5E00D7635C = {
			isa = PBXGroup;
			children = (
				1CDC0FF21EADAB5E00D7635C /* AbertDemo */,
				1CDC100C1EADAB5E00D7635C /* AbertDemoTests */,
				1CDC10171EADAB5E00D7635C /* AbertDemoUITests */,
				1CDC0FF11EADAB5E00D7635C /* Products */,
				5AFFB8B5542E4FF7ACF2F991 /* Pods */,
				FC3481883F75EE5EBEC95F1B /* Frameworks */,
			);
			sourceTree = "<group>";
		};
		1CDC0FF11EADAB5E00D7635C /* Products */ = {
			isa = PBXGroup;
			children = (
				1CDC0FF01EADAB5E00D7635C /* AbertDemo.app */,
			);
			name = Products;
			sourceTree = "<group>";
		};
		1CDC0FF21EADAB5E00D7635C /* AbertDemo */ = {
			isa = PBXGroup;
			children = (
				1CDC11AF1EAEEAA200D7635C /* MaintabBarView */,
				1CDC10261EADAB7F00D7635C /* Thrid第三方 */,
				1CDC11601EADAC0700D7635C /* HomePage */,
				1CDC11611EADAC0700D7635C /* SecondPage */,
				1CDC11DC1EAEF99400D7635C /* Centerpage */,
				1CDC11621EADAC0700D7635C /* ThridPage */,
				1CDC115F1EADAC0700D7635C /* FourPage */,
				1CDC11D51EAEF2E400D7635C /* Login登录 */,
				1CDC0FF61EADAB5E00D7635C /* AppDelegate.h */,
				1CDC0FF71EADAB5E00D7635C /* AppDelegate.m */,
				1CDC0FF91EADAB5E00D7635C /* ViewController.h */,
				1CDC0FFA1EADAB5E00D7635C /* ViewController.m */,
				1CDC0FFC1EADAB5E00D7635C /* Main.storyboard */,
				1CDC11B01EAEEACE00D7635C /* PublicClass */,
				1CDC0FFF1EADAB5E00D7635C /* Assets.xcassets */,
				1CDC10011EADAB5E00D7635C /* LaunchScreen.storyboard */,
				1CDC10041EADAB5E00D7635C /* Info.plist */,
				1CDC0FF31EADAB5E00D7635C /* Supporting Files */,
			);
			path = AbertDemo;
			sourceTree = "<group>";
		};
		1CDC0FF31EADAB5E00D7635C /* Supporting Files */ = {
			isa = PBXGroup;
			children = (
				1CDC0FF41EADAB5E00D7635C /* main.m */,
			);
			name = "Supporting Files";
			sourceTree = "<group>";
		};
		1CDC100C1EADAB5E00D7635C /* AbertDemoTests */ = {
			isa = PBXGroup;
			children = (
				1CDC100D1EADAB5E00D7635C /* AbertDemoTests.m */,
				1CDC100F1EADAB5E00D7635C /* Info.plist */,
			);
			path = AbertDemoTests;
			sourceTree = "<group>";
		};
		1CDC10171EADAB5E00D7635C /* AbertDemoUITests */ = {
			isa = PBXGroup;
			children = (
				1CDC10181EADAB5E00D7635C /* AbertDemoUITests.m */,
				1CDC101A1EADAB5E00D7635C /* Info.plist */,
			);
			path = AbertDemoUITests;
			sourceTree = "<group>";
		};
		1CDC10261EADAB7F00D7635C /* Thrid第三方 */ = {
			isa = PBXGroup;
			children = (
				1CFF3A071EB8635E00C9354A /* UIView+XMGExtension.h */,
				1CFF3A081EB8635E00C9354A /* UIView+XMGExtension.m */,
				1CDC11E91EAEFC6F00D7635C /* Tools */,
			);
			path = "Thrid第三方";
			sourceTree = "<group>";
		};
		1CDC115F1EADAC0700D7635C /* FourPage */ = {
			isa = PBXGroup;
			children = (
				1CDC116D1EADAD5800D7635C /* FourModle */,
				1C2320A9202973E70023F0B7 /* FourView */,
				1CDC116C1EADAD5800D7635C /* FourController */,
			);
			path = FourPage;
			sourceTree = "<group>";
		};
		1CDC11601EADAC0700D7635C /* HomePage */ = {
			isa = PBXGroup;
			children = (
				1CDC11641EADAD4000D7635C /* HomeModel */,
				1C2320A2202973320023F0B7 /* HomeView */,
				1CDC11631EADAD4000D7635C /* HomeController */,
			);
			path = HomePage;
			sourceTree = "<group>";
		};
		1CDC11611EADAC0700D7635C /* SecondPage */ = {
			isa = PBXGroup;
			children = (
				1CDC11671EADAD4A00D7635C /* SecondModle */,
				1C2320A3202973740023F0B7 /* SecondView */,
				1CDC11661EADAD4A00D7635C /* SecondController */,
			);
			path = SecondPage;
			sourceTree = "<group>";
		};
		1CDC11621EADAC0700D7635C /* ThridPage */ = {
			isa = PBXGroup;
			children = (
				1CDC116A1EADAD5200D7635C /* ThridModle */,
				1C2320A4202973840023F0B7 /* ThridView */,
				1CDC11691EADAD5200D7635C /* ThridController */,
			);
			path = ThridPage;
			sourceTree = "<group>";
		};
		1CDC11631EADAD4000D7635C /* HomeController */ = {
			isa = PBXGroup;
			children = (
				1CDC11721EADAD8500D7635C /* HomePageViewController.h */,
				1CDC11731EADAD8500D7635C /* HomePageViewController.m */,
			);
			path = HomeController;
			sourceTree = "<group>";
		};
		1CDC11641EADAD4000D7635C /* HomeModel */ = {
			isa = PBXGroup;
			children = (
				1CDC117E1EADADED00D7635C /* HomeModel.h */,
				1CDC117F1EADADED00D7635C /* HomeModel.m */,
			);
			path = HomeModel;
			sourceTree = "<group>";
		};
		1CDC11661EADAD4A00D7635C /* SecondController */ = {
			isa = PBXGroup;
			children = (
				1CDC11751EADAD9400D7635C /* SecondPageViewController.h */,
				1CDC11761EADAD9400D7635C /* SecondPageViewController.m */,
			);
			path = SecondController;
			sourceTree = "<group>";
		};
		1CDC11671EADAD4A00D7635C /* SecondModle */ = {
			isa = PBXGroup;
			children = (
				1CDC11811EADAE0600D7635C /* SecondModel.h */,
				1CDC11821EADAE0600D7635C /* SecondModel.m */,
			);
			path = SecondModle;
			sourceTree = "<group>";
		};
		1CDC11691EADAD5200D7635C /* ThridController */ = {
			isa = PBXGroup;
			children = (
				1CDC11781EADADA300D7635C /* ThridPageViewController.h */,
				1CDC11791EADADA300D7635C /* ThridPageViewController.m */,
			);
			path = ThridController;
			sourceTree = "<group>";
		};
		1CDC116A1EADAD5200D7635C /* ThridModle */ = {
			isa = PBXGroup;
			children = (
				1CDC11841EADAE1300D7635C /* ThridModel.h */,
				1CDC11851EADAE1300D7635C /* ThridModel.m */,
			);
			path = ThridModle;
			sourceTree = "<group>";
		};
		1CDC116C1EADAD5800D7635C /* FourController */ = {
			isa = PBXGroup;
			children = (
				1CDC117B1EADADC000D7635C /* FourPageViewController.h */,
				1CDC117C1EADADC000D7635C /* FourPageViewController.m */,
			);
			path = FourController;
			sourceTree = "<group>";
		};
		1CDC116D1EADAD5800D7635C /* FourModle */ = {
			isa = PBXGroup;
			children = (
				1CDC11871EADAE2500D7635C /* FourModel.h */,
				1CDC11881EADAE2500D7635C /* FourModel.m */,
			);
			path = FourModle;
			sourceTree = "<group>";
		};
		1CDC11AF1EAEEAA200D7635C /* MaintabBarView */ = {
			isa = PBXGroup;
			children = (
				1CDC11B11EAEEAF300D7635C /* MiantabBarViewController.h */,
				1CDC11B21EAEEAF300D7635C /* MiantabBarViewController.m */,
				1CDC11C31EAEEE6000D7635C /* BaseViewController.h */,
				1CDC11C41EAEEE6000D7635C /* BaseViewController.m */,
				1CDC11C61EAEEF2400D7635C /* RootNavViewController.h */,
				1CDC11C71EAEEF2500D7635C /* RootNavViewController.m */,
				1CDC13F71EAF164D00D7635C /* UINavigationController+YNBase.h */,
				1CDC13F81EAF164D00D7635C /* UINavigationController+YNBase.m */,
				1C4F085E1FA72861008DF644 /* MyTabBar.h */,
				1C4F085F1FA72861008DF644 /* MyTabBar.m */,
			);
			path = MaintabBarView;
			sourceTree = "<group>";
		};
		1CDC11B01EAEEACE00D7635C /* PublicClass */ = {
			isa = PBXGroup;
			children = (
				1CDC11C91EAEEF9C00D7635C /* MBProgressHUD+Add.h */,
				1CDC11CA1EAEEF9C00D7635C /* MBProgressHUD+Add.m */,
				1CDC11CB1EAEEF9C00D7635C /* MJExtensionConfig.h */,
				1CDC11CC1EAEEF9C00D7635C /* MJExtensionConfig.m */,
				1CDC11CD1EAEEF9C00D7635C /* WebViewJavascriptBridge.h */,
				1CDC11CE1EAEEF9C00D7635C /* WebViewJavascriptBridge.js.txt */,
				1CDC11CF1EAEEF9C00D7635C /* WebViewJavascriptBridge.m */,
				1CDC11B71EAEEB9300D7635C /* NetworkError */,
				1CDC11B41EAEEB1500D7635C /* PublicViewModel.h */,
				1CDC11B51EAEEB1500D7635C /* PublicViewModel.m */,
				1CDC11C11EAEEC5300D7635C /* PrefixHeader.pch */,
				1CDC11C21EAEED5700D7635C /* Header.h */,
				1CDC13FA1EAF1F6100D7635C /* ServiceManager.h */,
				1CDC13FB1EAF1F6100D7635C /* ServiceManager.m */,
			);
			path = PublicClass;
			sourceTree = "<group>";
		};
		1CDC11B71EAEEB9300D7635C /* NetworkError */ = {
			isa = PBXGroup;
			children = (
				1CDC11B81EAEEB9300D7635C /* CheckNetwork.h */,
				1CDC11B91EAEEB9300D7635C /* CheckNetwork.m */,
				1CDC11BA1EAEEB9300D7635C /* HttpManager.h */,
				1CDC11BB1EAEEB9300D7635C /* HttpManager.m */,
				1CDC11BC1EAEEB9300D7635C /* NetworkError.h */,
				1CDC11BD1EAEEB9300D7635C /* NetworkError.m */,
			);
			path = NetworkError;
			sourceTree = "<group>";
		};
		1CDC11D51EAEF2E400D7635C /* Login登录 */ = {
			isa = PBXGroup;
			children = (
				1CDC11D61EAEF32000D7635C /* LoginController */,
				1CDC11D71EAEF32000D7635C /* LoginModel  */,
				1CDC11D81EAEF32000D7635C /* LoginView */,
			);
			path = "Login登录";
			sourceTree = "<group>";
		};
		1CDC11D61EAEF32000D7635C /* LoginController */ = {
			isa = PBXGroup;
			children = (
				1CDC13F21EAF14FC00D7635C /* XHLoginViewController.h */,
				1CDC13F31EAF14FC00D7635C /* XHLoginViewController.m */,
				1CDC13F41EAF14FC00D7635C /* XHLoginViewController.xib */,
			);
			path = LoginController;
			sourceTree = "<group>";
		};
		1CDC11D71EAEF32000D7635C /* LoginModel  */ = {
			isa = PBXGroup;
			children = (
				1CDC13EF1EAEFE9200D7635C /* DataManager.h */,
				1CDC13F01EAEFE9200D7635C /* DataManager.m */,
			);
			path = "LoginModel ";
			sourceTree = "<group>";
		};
		1CDC11D81EAEF32000D7635C /* LoginView */ = {
			isa = PBXGroup;
			children = (
			);
			path = LoginView;
			sourceTree = "<group>";
		};
		1CDC11DC1EAEF99400D7635C /* Centerpage */ = {
			isa = PBXGroup;
			children = (
				1CDC11DE1EAEF9D900D7635C /* CenterModel */,
				1CDC11DF1EAEF9D900D7635C /* CenterView */,
				1C2320A5202973CA0023F0B7 /* CenterController */,
			);
			path = Centerpage;
			sourceTree = "<group>";
		};
		1CDC11DE1EAEF9D900D7635C /* CenterModel */ = {
			isa = PBXGroup;
			children = (
				1CDC11E61EAEFA1A00D7635C /* CenterModel.h */,
				1CDC11E71EAEFA1A00D7635C /* CenterModel.m */,
			);
			path = CenterModel;
			sourceTree = "<group>";
		};
		1CDC11DF1EAEF9D900D7635C /* CenterView */ = {
			isa = PBXGroup;
			children = (
				1CDC11E31EAEFA0800D7635C /* CenterTableViewCell.h */,
				1CDC11E41EAEFA0800D7635C /* CenterTableViewCell.m */,
			);
			path = CenterView;
			sourceTree = "<group>";
		};
		1CDC11E91EAEFC6F00D7635C /* Tools */ = {
			isa = PBXGroup;
			children = (
				1CDC11EA1EAEFCDC00D7635C /* UIView+Util.h */,
				1CDC11EB1EAEFCDC00D7635C /* UIView+Util.m */,
			);
			path = Tools;
			sourceTree = "<group>";
		};
		5AFFB8B5542E4FF7ACF2F991 /* Pods */ = {
			isa = PBXGroup;
			children = (
				CEC8C8273438B01E3AC804D6 /* Pods-AbertDemo.debug.xcconfig */,
				9886A059C93C44860AEAA378 /* Pods-AbertDemo.release.xcconfig */,
			);
			name = Pods;
			sourceTree = "<group>";
		};
		FC3481883F75EE5EBEC95F1B /* Frameworks */ = {
			isa = PBXGroup;
			children = (
				A85B498CFFAA4E0031536C0D /* libPods-AbertDemo.a */,
			);
			name = Frameworks;
			sourceTree = "<group>";
		};
/* End PBXGroup section */

/* Begin PBXNativeTarget section */
		1CDC0FEF1EADAB5E00D7635C /* AbertDemo */ = {
			isa = PBXNativeTarget;
			buildConfigurationList = 1CDC101D1EADAB5E00D7635C /* Build configuration list for PBXNativeTarget "AbertDemo" */;
			buildPhases = (
				92812F513B288FA8E1EB6407 /* [CP] Check Pods Manifest.lock */,
				1CDC0FEC1EADAB5E00D7635C /* Sources */,
				1CDC0FED1EADAB5E00D7635C /* Frameworks */,
				1CDC0FEE1EADAB5E00D7635C /* Resources */,
				09144CAA21A1C5ED77011C71 /* [CP] Embed Pods Frameworks */,
				4A49E7049CC09CDE4A2742E1 /* [CP] Copy Pods Resources */,
			);
			buildRules = (
			);
			dependencies = (
			);
			name = AbertDemo;
			productName = AbertDemo;
			productReference = 1CDC0FF01EADAB5E00D7635C /* AbertDemo.app */;
			productType = "com.apple.product-type.application";
		};
/* End PBXNativeTarget section */

/* Begin PBXProject section */
		1CDC0FE81EADAB5E00D7635C /* Project object */ = {
			isa = PBXProject;
			attributes = {
				LastUpgradeCheck = 0920;
				ORGANIZATIONNAME = "兰州北科维拓科技股份有限公司";
				TargetAttributes = {
					1CDC0FEF1EADAB5E00D7635C = {
						CreatedOnToolsVersion = 8.3.1;
						DevelopmentTeam = PNQSRNMX9W;
						ProvisioningStyle = Automatic;
					};
				};
			};
			buildConfigurationList = 1CDC0FEB1EADAB5E00D7635C /* Build configuration list for PBXProject "AbertDemo" */;
			compatibilityVersion = "Xcode 3.2";
			developmentRegion = English;
			hasScannedForEncodings = 0;
			knownRegions = (
				en,
				Base,
			);
			mainGroup = 1CDC0FE71EADAB5E00D7635C;
			productRefGroup = 1CDC0FF11EADAB5E00D7635C /* Products */;
			projectDirPath = "";
			projectRoot = "";
			targets = (
				1CDC0FEF1EADAB5E00D7635C /* AbertDemo */,
			);
		};
/* End PBXProject section */

/* Begin PBXResourcesBuildPhase section */
		1CDC0FEE1EADAB5E00D7635C /* Resources */ = {
			isa = PBXResourcesBuildPhase;
			buildActionMask = 2147483647;
			files = (
				1CDC11D21EAEEF9C00D7635C /* WebViewJavascriptBridge.js.txt in Resources */,
				1CDC10031EADAB5E00D7635C /* LaunchScreen.storyboard in Resources */,
				1CDC10001EADAB5E00D7635C /* Assets.xcassets in Resources */,
				1CDC0FFE1EADAB5E00D7635C /* Main.storyboard in Resources */,
				1CDC13F61EAF14FC00D7635C /* XHLoginViewController.xib in Resources */,
			);
			runOnlyForDeploymentPostprocessing = 0;
		};
/* End PBXResourcesBuildPhase section */

/* Begin PBXShellScriptBuildPhase section */
		09144CAA21A1C5ED77011C71 /* [CP] Embed Pods Frameworks */ = {
			isa = PBXShellScriptBuildPhase;
			buildActionMask = 2147483647;
			files = (
			);
			inputPaths = (
			);
			name = "[CP] Embed Pods Frameworks";
			outputPaths = (
			);
			runOnlyForDeploymentPostprocessing = 0;
			shellPath = /bin/sh;
			shellScript = "\"${SRCROOT}/Pods/Target Support Files/Pods-AbertDemo/Pods-AbertDemo-frameworks.sh\"\n";
			showEnvVarsInLog = 0;
		};
		4A49E7049CC09CDE4A2742E1 /* [CP] Copy Pods Resources */ = {
			isa = PBXShellScriptBuildPhase;
			buildActionMask = 2147483647;
			files = (
			);
			inputPaths = (
				"${SRCROOT}/Pods/Target Support Files/Pods-AbertDemo/Pods-AbertDemo-resources.sh",
				"${PODS_ROOT}/GPUImage/framework/Resources/lookup.png",
				"${PODS_ROOT}/GPUImage/framework/Resources/lookup_amatorka.png",
				"${PODS_ROOT}/GPUImage/framework/Resources/lookup_miss_etikate.png",
				"${PODS_ROOT}/GPUImage/framework/Resources/lookup_soft_elegance_1.png",
				"${PODS_ROOT}/GPUImage/framework/Resources/lookup_soft_elegance_2.png",
				"${PODS_ROOT}/IQKeyboardManager/IQKeyboardManager/Resources/IQKeyboardManager.bundle",
				"${PODS_ROOT}/MJRefresh/MJRefresh/MJRefresh.bundle",
			);
			name = "[CP] Copy Pods Resources";
			outputPaths = (
				"${TARGET_BUILD_DIR}/${UNLOCALIZED_RESOURCES_FOLDER_PATH}",
			);
			runOnlyForDeploymentPostprocessing = 0;
			shellPath = /bin/sh;
			shellScript = "\"${SRCROOT}/Pods/Target Support Files/Pods-AbertDemo/Pods-AbertDemo-resources.sh\"\n";
			showEnvVarsInLog = 0;
		};
		92812F513B288FA8E1EB6407 /* [CP] Check Pods Manifest.lock */ = {
			isa = PBXShellScriptBuildPhase;
			buildActionMask = 2147483647;
			files = (
			);
			inputPaths = (
				"${PODS_PODFILE_DIR_PATH}/Podfile.lock",
				"${PODS_ROOT}/Manifest.lock",
			);
			name = "[CP] Check Pods Manifest.lock";
			outputPaths = (
				"$(DERIVED_FILE_DIR)/Pods-AbertDemo-checkManifestLockResult.txt",
			);
			runOnlyForDeploymentPostprocessing = 0;
			shellPath = /bin/sh;
			shellScript = "diff \"${PODS_PODFILE_DIR_PATH}/Podfile.lock\" \"${PODS_ROOT}/Manifest.lock\" > /dev/null\nif [ $? != 0 ] ; then\n    # print error to STDERR\n    echo \"error: The sandbox is not in sync with the Podfile.lock. Run 'pod install' or update your CocoaPods installation.\" >&2\n    exit 1\nfi\n# This output is used by Xcode 'outputs' to avoid re-running this script phase.\necho \"SUCCESS\" > \"${SCRIPT_OUTPUT_FILE_0}\"\n";
			showEnvVarsInLog = 0;
		};
/* End PBXShellScriptBuildPhase section */

/* Begin PBXSourcesBuildPhase section */
		1CDC0FEC1EADAB5E00D7635C /* Sources */ = {
			isa = PBXSourcesBuildPhase;
			buildActionMask = 2147483647;
			files = (
				1CDC11771EADAD9400D7635C /* SecondPageViewController.m in Sources */,
				1CDC0FFB1EADAB5E00D7635C /* ViewController.m in Sources */,
				1CDC11BF1EAEEB9300D7635C /* HttpManager.m in Sources */,
				1CDC0FF81EADAB5E00D7635C /* AppDelegate.m in Sources */,
				1CDC11891EADAE2500D7635C /* FourModel.m in Sources */,
				1CDC11831EADAE0600D7635C /* SecondModel.m in Sources */,
				1C4F08601FA72861008DF644 /* MyTabBar.m in Sources */,
				1CDC11E81EAEFA1A00D7635C /* CenterModel.m in Sources */,
				1C2320A8202973CA0023F0B7 /* CenterViewController.m in Sources */,
				1CDC117D1EADADC000D7635C /* FourPageViewController.m in Sources */,
				1CDC0FF51EADAB5E00D7635C /* main.m in Sources */,
				1CDC11801EADADED00D7635C /* HomeModel.m in Sources */,
				1CDC13F11EAEFE9200D7635C /* DataManager.m in Sources */,
				1CFF3A091EB8635E00C9354A /* UIView+XMGExtension.m in Sources */,
				1CDC13FC1EAF1F6100D7635C /* ServiceManager.m in Sources */,
				1CDC11861EADAE1300D7635C /* ThridModel.m in Sources */,
				1CDC11D31EAEEF9C00D7635C /* WebViewJavascriptBridge.m in Sources */,
				1CDC11BE1EAEEB9300D7635C /* CheckNetwork.m in Sources */,
				1CDC11B61EAEEB1500D7635C /* PublicViewModel.m in Sources */,
				1CDC11C51EAEEE6000D7635C /* BaseViewController.m in Sources */,
				1CDC11741EADAD8500D7635C /* HomePageViewController.m in Sources */,
				1CDC11D01EAEEF9C00D7635C /* MBProgressHUD+Add.m in Sources */,
				1CDC11EC1EAEFCDC00D7635C /* UIView+Util.m in Sources */,
				1CDC13F91EAF164D00D7635C /* UINavigationController+YNBase.m in Sources */,
				1CDC11E51EAEFA0800D7635C /* CenterTableViewCell.m in Sources */,
				1CDC11B31EAEEAF300D7635C /* MiantabBarViewController.m in Sources */,
				1CDC13F51EAF14FC00D7635C /* XHLoginViewController.m in Sources */,
				1CDC11C81EAEEF2500D7635C /* RootNavViewController.m in Sources */,
				1CDC117A1EADADA300D7635C /* ThridPageViewController.m in Sources */,
				1CDC11D11EAEEF9C00D7635C /* MJExtensionConfig.m in Sources */,
				1CDC11C01EAEEB9300D7635C /* NetworkError.m in Sources */,
			);
			runOnlyForDeploymentPostprocessing = 0;
		};
/* End PBXSourcesBuildPhase section */

/* Begin PBXVariantGroup section */
		1CDC0FFC1EADAB5E00D7635C /* Main.storyboard */ = {
			isa = PBXVariantGroup;
			children = (
				1CDC0FFD1EADAB5E00D7635C /* Base */,
			);
			name = Main.storyboard;
			sourceTree = "<group>";
		};
		1CDC10011EADAB5E00D7635C /* LaunchScreen.storyboard */ = {
			isa = PBXVariantGroup;
			children = (
				1CDC10021EADAB5E00D7635C /* Base */,
			);
			name = LaunchScreen.storyboard;
			sourceTree = "<group>";
		};
/* End PBXVariantGroup section */

/* Begin XCBuildConfiguration section */
		1CDC101B1EADAB5E00D7635C /* Debug */ = {
			isa = XCBuildConfiguration;
			buildSettings = {
				ALWAYS_SEARCH_USER_PATHS = NO;
				CLANG_ANALYZER_NONNULL = YES;
				CLANG_ANALYZER_NUMBER_OBJECT_CONVERSION = YES_AGGRESSIVE;
				CLANG_CXX_LANGUAGE_STANDARD = "gnu++0x";
				CLANG_CXX_LIBRARY = "libc++";
				CLANG_ENABLE_MODULES = YES;
				CLANG_ENABLE_OBJC_ARC = YES;
				CLANG_WARN_BLOCK_CAPTURE_AUTORELEASING = YES;
				CLANG_WARN_BOOL_CONVERSION = YES;
				CLANG_WARN_COMMA = YES;
				CLANG_WARN_CONSTANT_CONVERSION = YES;
				CLANG_WARN_DIRECT_OBJC_ISA_USAGE = YES_ERROR;
				CLANG_WARN_DOCUMENTATION_COMMENTS = YES;
				CLANG_WARN_EMPTY_BODY = YES;
				CLANG_WARN_ENUM_CONVERSION = YES;
				CLANG_WARN_INFINITE_RECURSION = YES;
				CLANG_WARN_INT_CONVERSION = YES;
				CLANG_WARN_NON_LITERAL_NULL_CONVERSION = YES;
				CLANG_WARN_OBJC_LITERAL_CONVERSION = YES;
				CLANG_WARN_OBJC_ROOT_CLASS = YES_ERROR;
				CLANG_WARN_RANGE_LOOP_ANALYSIS = YES;
				CLANG_WARN_STRICT_PROTOTYPES = YES;
				CLANG_WARN_SUSPICIOUS_MOVE = YES;
				CLANG_WARN_UNREACHABLE_CODE = YES;
				CLANG_WARN__DUPLICATE_METHOD_MATCH = YES;
				"CODE_SIGN_IDENTITY[sdk=iphoneos*]" = "iPhone Developer";
				COPY_PHASE_STRIP = NO;
				DEBUG_INFORMATION_FORMAT = dwarf;
				ENABLE_STRICT_OBJC_MSGSEND = YES;
				ENABLE_TESTABILITY = YES;
				GCC_C_LANGUAGE_STANDARD = gnu99;
				GCC_DYNAMIC_NO_PIC = NO;
				GCC_NO_COMMON_BLOCKS = YES;
				GCC_OPTIMIZATION_LEVEL = 0;
				GCC_PREPROCESSOR_DEFINITIONS = (
					"DEBUG=1",
					"$(inherited)",
				);
				GCC_WARN_64_TO_32_BIT_CONVERSION = YES;
				GCC_WARN_ABOUT_RETURN_TYPE = YES_ERROR;
				GCC_WARN_UNDECLARED_SELECTOR = YES;
				GCC_WARN_UNINITIALIZED_AUTOS = YES_AGGRESSIVE;
				GCC_WARN_UNUSED_FUNCTION = YES;
				GCC_WARN_UNUSED_VARIABLE = YES;
				IPHONEOS_DEPLOYMENT_TARGET = 8.0;
				MTL_ENABLE_DEBUG_INFO = YES;
				ONLY_ACTIVE_ARCH = YES;
				SDKROOT = iphoneos;
				TARGETED_DEVICE_FAMILY = "1,2";
			};
			name = Debug;
		};
		1CDC101C1EADAB5E00D7635C /* Release */ = {
			isa = XCBuildConfiguration;
			buildSettings = {
				ALWAYS_SEARCH_USER_PATHS = NO;
				CLANG_ANALYZER_NONNULL = YES;
				CLANG_ANALYZER_NUMBER_OBJECT_CONVERSION = YES_AGGRESSIVE;
				CLANG_CXX_LANGUAGE_STANDARD = "gnu++0x";
				CLANG_CXX_LIBRARY = "libc++";
				CLANG_ENABLE_MODULES = YES;
				CLANG_ENABLE_OBJC_ARC = YES;
				CLANG_WARN_BLOCK_CAPTURE_AUTORELEASING = YES;
				CLANG_WARN_BOOL_CONVERSION = YES;
				CLANG_WARN_COMMA = YES;
				CLANG_WARN_CONSTANT_CONVERSION = YES;
				CLANG_WARN_DIRECT_OBJC_ISA_USAGE = YES_ERROR;
				CLANG_WARN_DOCUMENTATION_COMMENTS = YES;
				CLANG_WARN_EMPTY_BODY = YES;
				CLANG_WARN_ENUM_CONVERSION = YES;
				CLANG_WARN_INFINITE_RECURSION = YES;
				CLANG_WARN_INT_CONVERSION = YES;
				CLANG_WARN_NON_LITERAL_NULL_CONVERSION = YES;
				CLANG_WARN_OBJC_LITERAL_CONVERSION = YES;
				CLANG_WARN_OBJC_ROOT_CLASS = YES_ERROR;
				CLANG_WARN_RANGE_LOOP_ANALYSIS = YES;
				CLANG_WARN_STRICT_PROTOTYPES = YES;
				CLANG_WARN_SUSPICIOUS_MOVE = YES;
				CLANG_WARN_UNREACHABLE_CODE = YES;
				CLANG_WARN__DUPLICATE_METHOD_MATCH = YES;
				"CODE_SIGN_IDENTITY[sdk=iphoneos*]" = "iPhone Developer";
				COPY_PHASE_STRIP = NO;
				DEBUG_INFORMATION_FORMAT = "dwarf-with-dsym";
				ENABLE_NS_ASSERTIONS = NO;
				ENABLE_STRICT_OBJC_MSGSEND = YES;
				GCC_C_LANGUAGE_STANDARD = gnu99;
				GCC_NO_COMMON_BLOCKS = YES;
				GCC_WARN_64_TO_32_BIT_CONVERSION = YES;
				GCC_WARN_ABOUT_RETURN_TYPE = YES_ERROR;
				GCC_WARN_UNDECLARED_SELECTOR = YES;
				GCC_WARN_UNINITIALIZED_AUTOS = YES_AGGRESSIVE;
				GCC_WARN_UNUSED_FUNCTION = YES;
				GCC_WARN_UNUSED_VARIABLE = YES;
				IPHONEOS_DEPLOYMENT_TARGET = 8.0;
				MTL_ENABLE_DEBUG_INFO = NO;
				SDKROOT = iphoneos;
				TARGETED_DEVICE_FAMILY = "1,2";
				VALIDATE_PRODUCT = YES;
			};
			name = Release;
		};
		1CDC101E1EADAB5E00D7635C /* Debug */ = {
			isa = XCBuildConfiguration;
			baseConfigurationReference = CEC8C8273438B01E3AC804D6 /* Pods-AbertDemo.debug.xcconfig */;
			buildSettings = {
				ASSETCATALOG_COMPILER_APPICON_NAME = AppIcon;
				DEVELOPMENT_TEAM = PNQSRNMX9W;
				GCC_PREFIX_HEADER = "$(SRCROOT)/AbertDemo/PublicClass/PrefixHeader.pch";
				INFOPLIST_FILE = AbertDemo/Info.plist;
				IPHONEOS_DEPLOYMENT_TARGET = 8.0;
				LD_RUNPATH_SEARCH_PATHS = "$(inherited) @executable_path/Frameworks";
				PRODUCT_BUNDLE_IDENTIFIER = "--------------.AbertDemo";
				PRODUCT_NAME = "$(TARGET_NAME)";
			};
			name = Debug;
		};
		1CDC101F1EADAB5E00D7635C /* Release */ = {
			isa = XCBuildConfiguration;
			baseConfigurationReference = 9886A059C93C44860AEAA378 /* Pods-AbertDemo.release.xcconfig */;
			buildSettings = {
				ASSETCATALOG_COMPILER_APPICON_NAME = AppIcon;
				DEVELOPMENT_TEAM = PNQSRNMX9W;
				GCC_PREFIX_HEADER = "$(SRCROOT)/AbertDemo/PublicClass/PrefixHeader.pch";
				INFOPLIST_FILE = AbertDemo/Info.plist;
				IPHONEOS_DEPLOYMENT_TARGET = 8.0;
				LD_RUNPATH_SEARCH_PATHS = "$(inherited) @executable_path/Frameworks";
				PRODUCT_BUNDLE_IDENTIFIER = "--------------.AbertDemo";
				PRODUCT_NAME = "$(TARGET_NAME)";
			};
			name = Release;
		};
/* End XCBuildConfiguration section */

/* Begin XCConfigurationList section */
		1CDC0FEB1EADAB5E00D7635C /* Build configuration list for PBXProject "AbertDemo" */ = {
			isa = XCConfigurationList;
			buildConfigurations = (
				1CDC101B1EADAB5E00D7635C /* Debug */,
				1CDC101C1EADAB5E00D7635C /* Release */,
			);
			defaultConfigurationIsVisible = 0;
			defaultConfigurationName = Release;
		};
		1CDC101D1EADAB5E00D7635C /* Build configuration list for PBXNativeTarget "AbertDemo" */ = {
			isa = XCConfigurationList;
			buildConfigurations = (
				1CDC101E1EADAB5E00D7635C /* Debug */,
				1CDC101F1EADAB5E00D7635C /* Release */,
			);
			defaultConfigurationIsVisible = 0;
			defaultConfigurationName = Release;
		};
/* End XCConfigurationList section */
	};
	rootObject = 1CDC0FE81EADAB5E00D7635C /* Project object */;
}
